
Microsoft Visual Studio Solution File, Format Version 12.00
# Visual Studio 15
Project("{FAE04EC0-301F-11D3-BF4B-00C04F79EFBC}") = "Quantum.Unity", "Quantum.Unity.csproj", "{3601FBF7-E8D9-594B-E0EF-82DD76BE73D8}"
EndProject
Project("{FAE04EC0-301F-11D3-BF4B-00C04F79EFBC}") = "Quantum.Unity.Editor", "Quantum.Unity.Editor.csproj", "{17556D28-6E92-4CB1-CC03-FB63E81F56C5}"
EndProject
Project("{FAE04EC0-301F-11D3-BF4B-00C04F79EFBC}") = "Photon.Realtime", "Photon.Realtime.csproj", "{3BED926D-8939-A62B-19A8-632B5A2BCA89}"
EndProject
Project("{FAE04EC0-301F-11D3-BF4B-00C04F79EFBC}") = "Quantum.Simulation", "Quantum.Simulation.csproj", "{221644E8-C7E3-2773-3568-8B4AA9A8936E}"
EndProject
Project("{FAE04EC0-301F-11D3-BF4B-00C04F79EFBC}") = "Quantum.Menu", "Quantum.Menu.csproj", "{9AA5AF3D-42C8-2F33-F589-81979D1C5134}"
EndProject
Project("{FAE04EC0-301F-11D3-BF4B-00C04F79EFBC}") = "Assembly-CSharp", "Assembly-CSharp.csproj", "{AACA637A-AB7B-A537-17F3-444F118BECF9}"
EndProject
Project("{FAE04EC0-301F-11D3-BF4B-00C04F79EFBC}") = "Quantum.Unity.Editor.CodeGen", "Quantum.Unity.Editor.CodeGen.csproj", "{87A62047-48FF-72D5-7B4B-8AED01E28890}"
EndProject
Project("{FAE04EC0-301F-11D3-BF4B-00C04F79EFBC}") = "Quantum.Menu.Editor", "Quantum.Menu.Editor.csproj", "{B2617112-E2C0-9685-90FE-2FA3D2F72FDF}"
EndProject
Global
	GlobalSection(SolutionConfigurationPlatforms) = preSolution
		Debug|Any CPU = Debug|Any CPU
		Release|Any CPU = Release|Any CPU
	EndGlobalSection
	GlobalSection(ProjectConfigurationPlatforms) = postSolution
		{3601FBF7-E8D9-594B-E0EF-82DD76BE73D8}.Debug|Any CPU.ActiveCfg = Debug|Any CPU
		{3601FBF7-E8D9-594B-E0EF-82DD76BE73D8}.Debug|Any CPU.Build.0 = Debug|Any CPU
		{3601FBF7-E8D9-594B-E0EF-82DD76BE73D8}.Release|Any CPU.ActiveCfg = Release|Any CPU
		{3601FBF7-E8D9-594B-E0EF-82DD76BE73D8}.Release|Any CPU.Build.0 = Release|Any CPU
		{17556D28-6E92-4CB1-CC03-FB63E81F56C5}.Debug|Any CPU.ActiveCfg = Debug|Any CPU
		{17556D28-6E92-4CB1-CC03-FB63E81F56C5}.Debug|Any CPU.Build.0 = Debug|Any CPU
		{17556D28-6E92-4CB1-CC03-FB63E81F56C5}.Release|Any CPU.ActiveCfg = Release|Any CPU
		{17556D28-6E92-4CB1-CC03-FB63E81F56C5}.Release|Any CPU.Build.0 = Release|Any CPU
		{3BED926D-8939-A62B-19A8-632B5A2BCA89}.Debug|Any CPU.ActiveCfg = Debug|Any CPU
		{3BED926D-8939-A62B-19A8-632B5A2BCA89}.Debug|Any CPU.Build.0 = Debug|Any CPU
		{3BED926D-8939-A62B-19A8-632B5A2BCA89}.Release|Any CPU.ActiveCfg = Release|Any CPU
		{3BED926D-8939-A62B-19A8-632B5A2BCA89}.Release|Any CPU.Build.0 = Release|Any CPU
		{221644E8-C7E3-2773-3568-8B4AA9A8936E}.Debug|Any CPU.ActiveCfg = Debug|Any CPU
		{221644E8-C7E3-2773-3568-8B4AA9A8936E}.Debug|Any CPU.Build.0 = Debug|Any CPU
		{221644E8-C7E3-2773-3568-8B4AA9A8936E}.Release|Any CPU.ActiveCfg = Release|Any CPU
		{221644E8-C7E3-2773-3568-8B4AA9A8936E}.Release|Any CPU.Build.0 = Release|Any CPU
		{9AA5AF3D-42C8-2F33-F589-81979D1C5134}.Debug|Any CPU.ActiveCfg = Debug|Any CPU
		{9AA5AF3D-42C8-2F33-F589-81979D1C5134}.Debug|Any CPU.Build.0 = Debug|Any CPU
		{9AA5AF3D-42C8-2F33-F589-81979D1C5134}.Release|Any CPU.ActiveCfg = Release|Any CPU
		{9AA5AF3D-42C8-2F33-F589-81979D1C5134}.Release|Any CPU.Build.0 = Release|Any CPU
		{AACA637A-AB7B-A537-17F3-444F118BECF9}.Debug|Any CPU.ActiveCfg = Debug|Any CPU
		{AACA637A-AB7B-A537-17F3-444F118BECF9}.Debug|Any CPU.Build.0 = Debug|Any CPU
		{AACA637A-AB7B-A537-17F3-444F118BECF9}.Release|Any CPU.ActiveCfg = Release|Any CPU
		{AACA637A-AB7B-A537-17F3-444F118BECF9}.Release|Any CPU.Build.0 = Release|Any CPU
		{87A62047-48FF-72D5-7B4B-8AED01E28890}.Debug|Any CPU.ActiveCfg = Debug|Any CPU
		{87A62047-48FF-72D5-7B4B-8AED01E28890}.Debug|Any CPU.Build.0 = Debug|Any CPU
		{87A62047-48FF-72D5-7B4B-8AED01E28890}.Release|Any CPU.ActiveCfg = Release|Any CPU
		{87A62047-48FF-72D5-7B4B-8AED01E28890}.Release|Any CPU.Build.0 = Release|Any CPU
		{B2617112-E2C0-9685-90FE-2FA3D2F72FDF}.Debug|Any CPU.ActiveCfg = Debug|Any CPU
		{B2617112-E2C0-9685-90FE-2FA3D2F72FDF}.Debug|Any CPU.Build.0 = Debug|Any CPU
		{B2617112-E2C0-9685-90FE-2FA3D2F72FDF}.Release|Any CPU.ActiveCfg = Release|Any CPU
		{B2617112-E2C0-9685-90FE-2FA3D2F72FDF}.Release|Any CPU.Build.0 = Release|Any CPU
	EndGlobalSection
	GlobalSection(SolutionProperties) = preSolution
		HideSolutionNode = FALSE
	EndGlobalSection
EndGlobal
